{
  "name": "detect-action",
  "version": "1.0.0",
  "lockfileVersion": 2,
  "requires": true,
  "packages": {
    "": {
      "version": "1.0.0",
      "license": "ISC",
      "dependencies": {
        "@actions/artifact": "^0.5.2",
        "@actions/core": "^1.6.0",
        "@actions/github": "^5.0.0"
      },
      "devDependencies": {
        "@types/node": "^16.11.6"
      }
    },
    "node_modules/@actions/artifact": {
      "version": "0.5.2",
      "resolved": "https://artifactory.internal.synopsys.com:443/artifactory/api/npm/npm-virtual/@actions/artifact/-/artifact-0.5.2.tgz",
      "integrity": "sha1-5X73/miCESYsiPtNY9/g+9yXv4g=",
      "license": "MIT",
      "dependencies": {
        "@actions/core": "^1.2.6",
        "@actions/http-client": "^1.0.11",
        "@types/tmp": "^0.1.0",
        "tmp": "^0.1.0",
        "tmp-promise": "^2.0.2"
      }
    },
    "node_modules/@actions/core": {
      "version": "1.6.0",
      "resolved": "https://artifactory.internal.synopsys.com:443/artifactory/api/npm/npm-virtual/@actions/core/-/core-1.6.0.tgz",
      "integrity": "sha1-BWjkcDm/tqkXA5OnPzt+s7IkYss=",
      "license": "MIT",
      "dependencies": {
        "@actions/http-client": "^1.0.11"
      }
    },
    "node_modules/@actions/github": {
      "version": "5.0.0",
      "resolved": "https://artifactory.internal.synopsys.com:443/artifactory/api/npm/npm-virtual/@actions/github/-/github-5.0.0.tgz",
      "integrity": "sha1-F1QSeXbFC9iLLpBfENIE120Ucvg=",
      "license": "MIT",
      "dependencies": {
        "@actions/http-client": "^1.0.11",
        "@octokit/core": "^3.4.0",
        "@octokit/plugin-paginate-rest": "^2.13.3",
        "@octokit/plugin-rest-endpoint-methods": "^5.1.1"
      }
    },
    "node_modules/@actions/http-client": {
      "version": "1.0.11",
      "resolved": "https://artifactory.internal.synopsys.com:443/artifactory/api/npm/npm-virtual/@actions/http-client/-/http-client-1.0.11.tgz",
      "integrity": "sha1-xYsS6aqLFZ7jnn3Wy9DpHZBWM8A=",
      "license": "MIT",
      "dependencies": {
        "tunnel": "0.0.6"
      }
    },
    "node_modules/@octokit/auth-token": {
      "version": "2.5.0",
      "resolved": "https://artifactory.internal.synopsys.com:443/artifactory/api/npm/npm-virtual/@octokit/auth-token/-/auth-token-2.5.0.tgz",
      "integrity": "sha1-J8N+omwgXyhENAJHf/0mExHyHjY=",
      "license": "MIT",
      "dependencies": {
        "@octokit/types": "^6.0.3"
      }
    },
    "node_modules/@octokit/core": {
      "version": "3.5.1",
      "resolved": "https://artifactory.internal.synopsys.com:443/artifactory/api/npm/npm-virtual/@octokit/core/-/core-3.5.1.tgz",
      "integrity": "sha1-hgHO6x7A4bG4IXuWCkE+2OlHgJs=",
      "license": "MIT",
      "dependencies": {
        "@octokit/auth-token": "^2.4.4",
        "@octokit/graphql": "^4.5.8",
        "@octokit/request": "^5.6.0",
        "@octokit/request-error": "^2.0.5",
        "@octokit/types": "^6.0.3",
        "before-after-hook": "^2.2.0",
        "universal-user-agent": "^6.0.0"
      }
    },
    "node_modules/@octokit/endpoint": {
      "version": "6.0.12",
      "resolved": "https://artifactory.internal.synopsys.com:443/artifactory/api/npm/npm-virtual/@octokit/endpoint/-/endpoint-6.0.12.tgz",
      "integrity": "sha1-O01HpLDnmxAn+4111CIZKLLQVlg=",
      "license": "MIT",
      "dependencies": {
        "@octokit/types": "^6.0.3",
        "is-plain-object": "^5.0.0",
        "universal-user-agent": "^6.0.0"
      }
    },
    "node_modules/@octokit/graphql": {
      "version": "4.8.0",
      "resolved": "https://artifactory.internal.synopsys.com:443/artifactory/api/npm/npm-virtual/@octokit/graphql/-/graphql-4.8.0.tgz",
      "integrity": "sha1-Zk2bEcDhIRLL944Q9JoFlZqiLMM=",
      "license": "MIT",
      "dependencies": {
        "@octokit/request": "^5.6.0",
        "@octokit/types": "^6.0.3",
        "universal-user-agent": "^6.0.0"
      }
    },
    "node_modules/@octokit/openapi-types": {
      "version": "11.2.0",
      "resolved": "https://artifactory.internal.synopsys.com:443/artifactory/api/npm/npm-virtual/@octokit/openapi-types/-/openapi-types-11.2.0.tgz",
      "integrity": "sha1-s41/w3NtUqHpayMMHM1KWKL0AKY=",
      "license": "MIT"
    },
    "node_modules/@octokit/plugin-paginate-rest": {
      "version": "2.17.0",
      "resolved": "https://artifactory.internal.synopsys.com:443/artifactory/api/npm/npm-virtual/@octokit/plugin-paginate-rest/-/plugin-paginate-rest-2.17.0.tgz",
      "integrity": "sha1-MunHyrKjdEIdPQ3iORAih9eRvOc=",
      "license": "MIT",
      "dependencies": {
        "@octokit/types": "^6.34.0"
      },
      "peerDependencies": {
        "@octokit/core": ">=2"
      }
    },
    "node_modules/@octokit/plugin-rest-endpoint-methods": {
      "version": "5.13.0",
      "resolved": "https://artifactory.internal.synopsys.com:443/artifactory/api/npm/npm-virtual/@octokit/plugin-rest-endpoint-methods/-/plugin-rest-endpoint-methods-5.13.0.tgz",
      "integrity": "sha1-jEYQkCGjQSIz9vUNKHhvjlUkJ7o=",
      "license": "MIT",
      "dependencies": {
        "@octokit/types": "^6.34.0",
        "deprecation": "^2.3.1"
      },
      "peerDependencies": {
        "@octokit/core": ">=3"
      }
    },
    "node_modules/@octokit/request": {
      "version": "5.6.2",
      "resolved": "https://artifactory.internal.synopsys.com:443/artifactory/api/npm/npm-virtual/@octokit/request/-/request-5.6.2.tgz",
      "integrity": "sha1-GqdNXae54ErGDvIy7dmnQ43PMtg=",
      "license": "MIT",
      "dependencies": {
        "@octokit/endpoint": "^6.0.1",
        "@octokit/request-error": "^2.1.0",
        "@octokit/types": "^6.16.1",
        "is-plain-object": "^5.0.0",
        "node-fetch": "^2.6.1",
        "universal-user-agent": "^6.0.0"
      }
    },
    "node_modules/@octokit/request-error": {
      "version": "2.1.0",
      "resolved": "https://artifactory.internal.synopsys.com:443/artifactory/api/npm/npm-virtual/@octokit/request-error/-/request-error-2.1.0.tgz",
      "integrity": "sha1-nhUDV4Mb/HiNE6T9SxkT1gx01nc=",
      "license": "MIT",
      "dependencies": {
        "@octokit/types": "^6.0.3",
        "deprecation": "^2.0.0",
        "once": "^1.4.0"
      }
    },
    "node_modules/@octokit/types": {
      "version": "6.34.0",
      "resolved": "https://artifactory.internal.synopsys.com:443/artifactory/api/npm/npm-virtual/@octokit/types/-/types-6.34.0.tgz",
      "integrity": "sha1-xgITMzNNHs+103CoeYFi3fGughg=",
      "license": "MIT",
      "dependencies": {
        "@octokit/openapi-types": "^11.2.0"
      }
    },
    "node_modules/@types/node": {
      "version": "16.11.6",
      "resolved": "https://artifactory.internal.synopsys.com:443/artifactory/api/npm/npm-virtual/@types/node/-/node-16.11.6.tgz",
      "integrity": "sha1-a+96KgrWhM9ukPz+Mc7KvZzgo64=",
      "dev": true,
      "license": "MIT"
    },
    "node_modules/@types/tmp": {
      "version": "0.1.0",
      "resolved": "https://artifactory.internal.synopsys.com:443/artifactory/api/npm/npm-virtual/@types/tmp/-/tmp-0.1.0.tgz",
      "integrity": "sha1-Gc9zp7z2QZZUhRGXJjl6CW8ASb0=",
      "license": "MIT"
    },
    "node_modules/balanced-match": {
      "version": "1.0.2",
      "resolved": "https://artifactory.internal.synopsys.com:443/artifactory/api/npm/npm-virtual/balanced-match/-/balanced-match-1.0.2.tgz",
      "integrity": "sha1-6D46fj8wCzTLnYf2FfoMvzV2kO4=",
      "license": "MIT"
    },
    "node_modules/before-after-hook": {
      "version": "2.2.2",
      "resolved": "https://artifactory.internal.synopsys.com:443/artifactory/api/npm/npm-virtual/before-after-hook/-/before-after-hook-2.2.2.tgz",
      "integrity": "sha1-pujKQQKNkO4sJCIvIByQlWCRYT4=",
      "license": "Apache-2.0"
    },
    "node_modules/brace-expansion": {
      "version": "1.1.11",
      "resolved": "https://artifactory.internal.synopsys.com:443/artifactory/api/npm/npm-virtual/brace-expansion/-/brace-expansion-1.1.11.tgz",
      "integrity": "sha1-PH/L9SnYcibz0vUrlm/1Jx60Qd0=",
      "license": "MIT",
      "dependencies": {
        "balanced-match": "^1.0.0",
        "concat-map": "0.0.1"
      }
    },
    "node_modules/concat-map": {
      "version": "0.0.1",
      "resolved": "https://artifactory.internal.synopsys.com:443/artifactory/api/npm/npm-virtual/concat-map/-/concat-map-0.0.1.tgz",
      "integrity": "sha1-2Klr13/Wjfd5OnMDajug1UBdR3s=",
      "license": "MIT"
    },
    "node_modules/deprecation": {
      "version": "2.3.1",
      "resolved": "https://artifactory.internal.synopsys.com:443/artifactory/api/npm/npm-virtual/deprecation/-/deprecation-2.3.1.tgz",
      "integrity": "sha1-Y2jL20Cr8zc7UlrIfkomDDpwCRk=",
      "license": "ISC"
    },
    "node_modules/fs.realpath": {
      "version": "1.0.0",
      "resolved": "https://artifactory.internal.synopsys.com:443/artifactory/api/npm/npm-virtual/fs.realpath/-/fs.realpath-1.0.0.tgz",
      "integrity": "sha1-FQStJSMVjKpA20onh8sBQRmU6k8=",
      "license": "ISC"
    },
    "node_modules/glob": {
      "version": "7.2.0",
      "resolved": "https://artifactory.internal.synopsys.com:443/artifactory/api/npm/npm-virtual/glob/-/glob-7.2.0.tgz",
      "integrity": "sha1-0VU1r3cy4C6Uj0xBYovZECk/YCM=",
      "license": "ISC",
      "dependencies": {
        "fs.realpath": "^1.0.0",
        "inflight": "^1.0.4",
        "inherits": "2",
        "minimatch": "^3.0.4",
        "once": "^1.3.0",
        "path-is-absolute": "^1.0.0"
      },
      "engines": {
        "node": "*"
      },
      "funding": {
        "url": "https://github.com/sponsors/isaacs"
      }
    },
    "node_modules/inflight": {
      "version": "1.0.6",
      "resolved": "https://artifactory.internal.synopsys.com:443/artifactory/api/npm/npm-virtual/inflight/-/inflight-1.0.6.tgz",
      "integrity": "sha1-Sb1jMdfQLQwJvJEKEHW6gWW1bfk=",
      "license": "ISC",
      "dependencies": {
        "once": "^1.3.0",
        "wrappy": "1"
      }
    },
    "node_modules/inherits": {
      "version": "2.0.4",
      "resolved": "https://artifactory.internal.synopsys.com:443/artifactory/api/npm/npm-virtual/inherits/-/inherits-2.0.4.tgz",
      "integrity": "sha1-D6LGT5MpF8NDOg3tVTY6rjdBa3w=",
      "license": "ISC"
    },
    "node_modules/is-plain-object": {
      "version": "5.0.0",
      "resolved": "https://artifactory.internal.synopsys.com:443/artifactory/api/npm/npm-virtual/is-plain-object/-/is-plain-object-5.0.0.tgz",
      "integrity": "sha1-RCf1CrNCnpAl6n1S6QQ6nvQVk0Q=",
      "license": "MIT",
      "engines": {
        "node": ">=0.10.0"
      }
    },
    "node_modules/minimatch": {
      "version": "3.0.4",
      "resolved": "https://artifactory.internal.synopsys.com:443/artifactory/api/npm/npm-virtual/minimatch/-/minimatch-3.0.4.tgz",
      "integrity": "sha1-UWbihkV/AzBgZL5Ul+jbsMPTIIM=",
      "license": "ISC",
      "dependencies": {
        "brace-expansion": "^1.1.7"
      },
      "engines": {
        "node": "*"
      }
    },
    "node_modules/node-fetch": {
      "version": "2.6.6",
      "resolved": "https://artifactory.internal.synopsys.com:443/artifactory/api/npm/npm-virtual/node-fetch/-/node-fetch-2.6.6.tgz",
      "integrity": "sha1-F1GnwBg06OFpd1hzLp77burfr4k=",
      "license": "MIT",
      "dependencies": {
        "whatwg-url": "^5.0.0"
      },
      "engines": {
        "node": "4.x || >=6.0.0"
      }
    },
    "node_modules/once": {
      "version": "1.4.0",
      "resolved": "https://artifactory.internal.synopsys.com:443/artifactory/api/npm/npm-virtual/once/-/once-1.4.0.tgz",
      "integrity": "sha1-WDsap3WWHUsROsF9nFC6753Xa9E=",
      "license": "ISC",
      "dependencies": {
        "wrappy": "1"
      }
    },
    "node_modules/path-is-absolute": {
      "version": "1.0.1",
      "resolved": "https://artifactory.internal.synopsys.com:443/artifactory/api/npm/npm-virtual/path-is-absolute/-/path-is-absolute-1.0.1.tgz",
      "integrity": "sha1-F0uSaHNVNP+8es5r9TpanhtcX18=",
      "license": "MIT",
      "engines": {
        "node": ">=0.10.0"
      }
    },
    "node_modules/rimraf": {
      "version": "2.7.1",
      "resolved": "https://artifactory.internal.synopsys.com:443/artifactory/api/npm/npm-virtual/rimraf/-/rimraf-2.7.1.tgz",
      "integrity": "sha1-NXl/E6f9rcVmFCwp1PB8ytSD4+w=",
      "license": "ISC",
      "dependencies": {
        "glob": "^7.1.3"
      },
      "bin": {
        "rimraf": "bin.js"
      }
    },
    "node_modules/tmp": {
      "version": "0.1.0",
      "resolved": "https://artifactory.internal.synopsys.com:443/artifactory/api/npm/npm-virtual/tmp/-/tmp-0.1.0.tgz",
      "integrity": "sha1-7kNKTiJUMILilLpiAdzG6v76KHc=",
      "license": "MIT",
      "dependencies": {
        "rimraf": "^2.6.3"
      },
      "engines": {
        "node": ">=6"
      }
    },
    "node_modules/tmp-promise": {
      "version": "2.1.1",
      "resolved": "https://artifactory.internal.synopsys.com:443/artifactory/api/npm/npm-virtual/tmp-promise/-/tmp-promise-2.1.1.tgz",
      "integrity": "sha1-65fAOJla9077/oFW9eB/3QyTVTk=",
      "license": "MIT",
      "dependencies": {
        "tmp": "0.1.0"
      }
    },
    "node_modules/tr46": {
      "version": "0.0.3",
      "resolved": "https://artifactory.internal.synopsys.com:443/artifactory/api/npm/npm-virtual/tr46/-/tr46-0.0.3.tgz",
      "integrity": "sha1-gYT9NH2snNwYWZLzpmIuFLnZq2o=",
      "license": "MIT"
    },
    "node_modules/tunnel": {
      "version": "0.0.6",
      "resolved": "https://artifactory.internal.synopsys.com:443/artifactory/api/npm/npm-virtual/tunnel/-/tunnel-0.0.6.tgz",
      "integrity": "sha1-cvExSzSlsZLbASMk3yzFh8pH+Sw=",
      "license": "MIT",
      "engines": {
        "node": ">=0.6.11 <=0.7.0 || >=0.7.3"
      }
    },
    "node_modules/universal-user-agent": {
      "version": "6.0.0",
      "resolved": "https://artifactory.internal.synopsys.com:443/artifactory/api/npm/npm-virtual/universal-user-agent/-/universal-user-agent-6.0.0.tgz",
      "integrity": "sha1-M4H4UDslHA2c0hvB3pOeyd9UgO4=",
      "license": "ISC"
    },
    "node_modules/webidl-conversions": {
      "version": "3.0.1",
      "resolved": "https://artifactory.internal.synopsys.com:443/artifactory/api/npm/npm-virtual/webidl-conversions/-/webidl-conversions-3.0.1.tgz",
      "integrity": "sha1-JFNCdeKnvGvnvIZhHMFq4KVlSHE=",
      "license": "BSD-2-Clause"
    },
    "node_modules/whatwg-url": {
      "version": "5.0.0",
      "resolved": "https://artifactory.internal.synopsys.com:443/artifactory/api/npm/npm-virtual/whatwg-url/-/whatwg-url-5.0.0.tgz",
      "integrity": "sha1-lmRU6HZUYuN2RNNib2dCzotwll0=",
      "license": "MIT",
      "dependencies": {
        "tr46": "~0.0.3",
        "webidl-conversions": "^3.0.0"
      }
    },
    "node_modules/wrappy": {
      "version": "1.0.2",
      "resolved": "https://artifactory.internal.synopsys.com:443/artifactory/api/npm/npm-virtual/wrappy/-/wrappy-1.0.2.tgz",
      "integrity": "sha1-tSQ9jz7BqjXxNkYFvA0QNuMKtp8=",
      "license": "ISC"
    }
  },
  "dependencies": {
    "@actions/artifact": {
      "version": "0.5.2",
      "resolved": "https://artifactory.internal.synopsys.com:443/artifactory/api/npm/npm-virtual/@actions/artifact/-/artifact-0.5.2.tgz",
      "integrity": "sha1-5X73/miCESYsiPtNY9/g+9yXv4g=",
      "requires": {
        "@actions/core": "^1.2.6",
        "@actions/http-client": "^1.0.11",
        "@types/tmp": "^0.1.0",
        "tmp": "^0.1.0",
        "tmp-promise": "^2.0.2"
      }
    },
    "@actions/core": {
      "version": "1.6.0",
      "resolved": "https://artifactory.internal.synopsys.com:443/artifactory/api/npm/npm-virtual/@actions/core/-/core-1.6.0.tgz",
      "integrity": "sha1-BWjkcDm/tqkXA5OnPzt+s7IkYss=",
      "requires": {
        "@actions/http-client": "^1.0.11"
      }
    },
    "@actions/github": {
      "version": "5.0.0",
      "resolved": "https://artifactory.internal.synopsys.com:443/artifactory/api/npm/npm-virtual/@actions/github/-/github-5.0.0.tgz",
      "integrity": "sha1-F1QSeXbFC9iLLpBfENIE120Ucvg=",
      "requires": {
        "@actions/http-client": "^1.0.11",
        "@octokit/core": "^3.4.0",
        "@octokit/plugin-paginate-rest": "^2.13.3",
        "@octokit/plugin-rest-endpoint-methods": "^5.1.1"
      }
    },
    "@actions/http-client": {
      "version": "1.0.11",
      "resolved": "https://artifactory.internal.synopsys.com:443/artifactory/api/npm/npm-virtual/@actions/http-client/-/http-client-1.0.11.tgz",
      "integrity": "sha1-xYsS6aqLFZ7jnn3Wy9DpHZBWM8A=",
      "requires": {
        "tunnel": "0.0.6"
      }
    },
    "@octokit/auth-token": {
      "version": "2.5.0",
      "resolved": "https://artifactory.internal.synopsys.com:443/artifactory/api/npm/npm-virtual/@octokit/auth-token/-/auth-token-2.5.0.tgz",
      "integrity": "sha1-J8N+omwgXyhENAJHf/0mExHyHjY=",
      "requires": {
        "@octokit/types": "^6.0.3"
      }
    },
    "@octokit/core": {
      "version": "3.5.1",
      "resolved": "https://artifactory.internal.synopsys.com:443/artifactory/api/npm/npm-virtual/@octokit/core/-/core-3.5.1.tgz",
      "integrity": "sha1-hgHO6x7A4bG4IXuWCkE+2OlHgJs=",
      "requires": {
        "@octokit/auth-token": "^2.4.4",
        "@octokit/graphql": "^4.5.8",
        "@octokit/request": "^5.6.0",
        "@octokit/request-error": "^2.0.5",
        "@octokit/types": "^6.0.3",
        "before-after-hook": "^2.2.0",
        "universal-user-agent": "^6.0.0"
      }
    },
    "@octokit/endpoint": {
      "version": "6.0.12",
      "resolved": "https://artifactory.internal.synopsys.com:443/artifactory/api/npm/npm-virtual/@octokit/endpoint/-/endpoint-6.0.12.tgz",
      "integrity": "sha1-O01HpLDnmxAn+4111CIZKLLQVlg=",
      "requires": {
        "@octokit/types": "^6.0.3",
        "is-plain-object": "^5.0.0",
        "universal-user-agent": "^6.0.0"
      }
    },
    "@octokit/graphql": {
      "version": "4.8.0",
      "resolved": "https://artifactory.internal.synopsys.com:443/artifactory/api/npm/npm-virtual/@octokit/graphql/-/graphql-4.8.0.tgz",
      "integrity": "sha1-Zk2bEcDhIRLL944Q9JoFlZqiLMM=",
      "requires": {
        "@octokit/request": "^5.6.0",
        "@octokit/types": "^6.0.3",
        "universal-user-agent": "^6.0.0"
      }
    },
    "@octokit/openapi-types": {
      "version": "11.2.0",
      "resolved": "https://artifactory.internal.synopsys.com:443/artifactory/api/npm/npm-virtual/@octokit/openapi-types/-/openapi-types-11.2.0.tgz",
      "integrity": "sha1-s41/w3NtUqHpayMMHM1KWKL0AKY="
    },
    "@octokit/plugin-paginate-rest": {
      "version": "2.17.0",
      "resolved": "https://artifactory.internal.synopsys.com:443/artifactory/api/npm/npm-virtual/@octokit/plugin-paginate-rest/-/plugin-paginate-rest-2.17.0.tgz",
      "integrity": "sha1-MunHyrKjdEIdPQ3iORAih9eRvOc=",
      "requires": {
        "@octokit/types": "^6.34.0"
      }
    },
    "@octokit/plugin-rest-endpoint-methods": {
      "version": "5.13.0",
      "resolved": "https://artifactory.internal.synopsys.com:443/artifactory/api/npm/npm-virtual/@octokit/plugin-rest-endpoint-methods/-/plugin-rest-endpoint-methods-5.13.0.tgz",
      "integrity": "sha1-jEYQkCGjQSIz9vUNKHhvjlUkJ7o=",
      "requires": {
        "@octokit/types": "^6.34.0",
        "deprecation": "^2.3.1"
      }
    },
    "@octokit/request": {
      "version": "5.6.2",
      "resolved": "https://artifactory.internal.synopsys.com:443/artifactory/api/npm/npm-virtual/@octokit/request/-/request-5.6.2.tgz",
      "integrity": "sha1-GqdNXae54ErGDvIy7dmnQ43PMtg=",
      "requires": {
        "@octokit/endpoint": "^6.0.1",
        "@octokit/request-error": "^2.1.0",
        "@octokit/types": "^6.16.1",
        "is-plain-object": "^5.0.0",
        "node-fetch": "^2.6.1",
        "universal-user-agent": "^6.0.0"
      }
    },
    "@octokit/request-error": {
      "version": "2.1.0",
      "resolved": "https://artifactory.internal.synopsys.com:443/artifactory/api/npm/npm-virtual/@octokit/request-error/-/request-error-2.1.0.tgz",
      "integrity": "sha1-nhUDV4Mb/HiNE6T9SxkT1gx01nc=",
      "requires": {
        "@octokit/types": "^6.0.3",
        "deprecation": "^2.0.0",
        "once": "^1.4.0"
      }
    },
    "@octokit/types": {
      "version": "6.34.0",
      "resolved": "https://artifactory.internal.synopsys.com:443/artifactory/api/npm/npm-virtual/@octokit/types/-/types-6.34.0.tgz",
      "integrity": "sha1-xgITMzNNHs+103CoeYFi3fGughg=",
      "requires": {
        "@octokit/openapi-types": "^11.2.0"
      }
    },
    "@types/node": {
      "version": "16.11.6",
      "resolved": "https://artifactory.internal.synopsys.com:443/artifactory/api/npm/npm-virtual/@types/node/-/node-16.11.6.tgz",
      "integrity": "sha1-a+96KgrWhM9ukPz+Mc7KvZzgo64=",
      "dev": true
    },
    "@types/tmp": {
      "version": "0.1.0",
      "resolved": "https://artifactory.internal.synopsys.com:443/artifactory/api/npm/npm-virtual/@types/tmp/-/tmp-0.1.0.tgz",
      "integrity": "sha1-Gc9zp7z2QZZUhRGXJjl6CW8ASb0="
    },
    "balanced-match": {
      "version": "1.0.2",
      "resolved": "https://artifactory.internal.synopsys.com:443/artifactory/api/npm/npm-virtual/balanced-match/-/balanced-match-1.0.2.tgz",
      "integrity": "sha1-6D46fj8wCzTLnYf2FfoMvzV2kO4="
    },
    "before-after-hook": {
      "version": "2.2.2",
      "resolved": "https://artifactory.internal.synopsys.com:443/artifactory/api/npm/npm-virtual/before-after-hook/-/before-after-hook-2.2.2.tgz",
      "integrity": "sha1-pujKQQKNkO4sJCIvIByQlWCRYT4="
    },
    "brace-expansion": {
      "version": "1.1.11",
      "resolved": "https://artifactory.internal.synopsys.com:443/artifactory/api/npm/npm-virtual/brace-expansion/-/brace-expansion-1.1.11.tgz",
      "integrity": "sha1-PH/L9SnYcibz0vUrlm/1Jx60Qd0=",
      "requires": {
        "balanced-match": "^1.0.0",
        "concat-map": "0.0.1"
      }
    },
    "concat-map": {
      "version": "0.0.1",
      "resolved": "https://artifactory.internal.synopsys.com:443/artifactory/api/npm/npm-virtual/concat-map/-/concat-map-0.0.1.tgz",
      "integrity": "sha1-2Klr13/Wjfd5OnMDajug1UBdR3s="
    },
    "deprecation": {
      "version": "2.3.1",
      "resolved": "https://artifactory.internal.synopsys.com:443/artifactory/api/npm/npm-virtual/deprecation/-/deprecation-2.3.1.tgz",
      "integrity": "sha1-Y2jL20Cr8zc7UlrIfkomDDpwCRk="
    },
    "fs.realpath": {
      "version": "1.0.0",
      "resolved": "https://artifactory.internal.synopsys.com:443/artifactory/api/npm/npm-virtual/fs.realpath/-/fs.realpath-1.0.0.tgz",
      "integrity": "sha1-FQStJSMVjKpA20onh8sBQRmU6k8="
    },
    "glob": {
      "version": "7.2.0",
      "resolved": "https://artifactory.internal.synopsys.com:443/artifactory/api/npm/npm-virtual/glob/-/glob-7.2.0.tgz",
      "integrity": "sha1-0VU1r3cy4C6Uj0xBYovZECk/YCM=",
      "requires": {
        "fs.realpath": "^1.0.0",
        "inflight": "^1.0.4",
        "inherits": "2",
        "minimatch": "^3.0.4",
        "once": "^1.3.0",
        "path-is-absolute": "^1.0.0"
      }
    },
    "inflight": {
      "version": "1.0.6",
      "resolved": "https://artifactory.internal.synopsys.com:443/artifactory/api/npm/npm-virtual/inflight/-/inflight-1.0.6.tgz",
      "integrity": "sha1-Sb1jMdfQLQwJvJEKEHW6gWW1bfk=",
      "requires": {
        "once": "^1.3.0",
        "wrappy": "1"
      }
    },
    "inherits": {
      "version": "2.0.4",
      "resolved": "https://artifactory.internal.synopsys.com:443/artifactory/api/npm/npm-virtual/inherits/-/inherits-2.0.4.tgz",
      "integrity": "sha1-D6LGT5MpF8NDOg3tVTY6rjdBa3w="
    },
    "is-plain-object": {
      "version": "5.0.0",
      "resolved": "https://artifactory.internal.synopsys.com:443/artifactory/api/npm/npm-virtual/is-plain-object/-/is-plain-object-5.0.0.tgz",
      "integrity": "sha1-RCf1CrNCnpAl6n1S6QQ6nvQVk0Q="
    },
    "minimatch": {
      "version": "3.0.4",
      "resolved": "https://artifactory.internal.synopsys.com:443/artifactory/api/npm/npm-virtual/minimatch/-/minimatch-3.0.4.tgz",
      "integrity": "sha1-UWbihkV/AzBgZL5Ul+jbsMPTIIM=",
      "requires": {
        "brace-expansion": "^1.1.7"
      }
    },
    "node-fetch": {
      "version": "2.6.6",
      "resolved": "https://artifactory.internal.synopsys.com:443/artifactory/api/npm/npm-virtual/node-fetch/-/node-fetch-2.6.6.tgz",
      "integrity": "sha1-F1GnwBg06OFpd1hzLp77burfr4k=",
      "requires": {
        "whatwg-url": "^5.0.0"
      }
    },
    "once": {
      "version": "1.4.0",
      "resolved": "https://artifactory.internal.synopsys.com:443/artifactory/api/npm/npm-virtual/once/-/once-1.4.0.tgz",
      "integrity": "sha1-WDsap3WWHUsROsF9nFC6753Xa9E=",
      "requires": {
        "wrappy": "1"
      }
    },
    "path-is-absolute": {
      "version": "1.0.1",
      "resolved": "https://artifactory.internal.synopsys.com:443/artifactory/api/npm/npm-virtual/path-is-absolute/-/path-is-absolute-1.0.1.tgz",
      "integrity": "sha1-F0uSaHNVNP+8es5r9TpanhtcX18="
    },
    "rimraf": {
      "version": "2.7.1",
      "resolved": "https://artifactory.internal.synopsys.com:443/artifactory/api/npm/npm-virtual/rimraf/-/rimraf-2.7.1.tgz",
      "integrity": "sha1-NXl/E6f9rcVmFCwp1PB8ytSD4+w=",
      "requires": {
        "glob": "^7.1.3"
      }
    },
    "tmp": {
      "version": "0.1.0",
      "resolved": "https://artifactory.internal.synopsys.com:443/artifactory/api/npm/npm-virtual/tmp/-/tmp-0.1.0.tgz",
      "integrity": "sha1-7kNKTiJUMILilLpiAdzG6v76KHc=",
      "requires": {
        "rimraf": "^2.6.3"
      }
    },
    "tmp-promise": {
      "version": "2.1.1",
      "resolved": "https://artifactory.internal.synopsys.com:443/artifactory/api/npm/npm-virtual/tmp-promise/-/tmp-promise-2.1.1.tgz",
      "integrity": "sha1-65fAOJla9077/oFW9eB/3QyTVTk=",
      "requires": {
        "tmp": "0.1.0"
      }
    },
    "tr46": {
      "version": "0.0.3",
      "resolved": "https://artifactory.internal.synopsys.com:443/artifactory/api/npm/npm-virtual/tr46/-/tr46-0.0.3.tgz",
      "integrity": "sha1-gYT9NH2snNwYWZLzpmIuFLnZq2o="
    },
    "tunnel": {
      "version": "0.0.6",
      "resolved": "https://artifactory.internal.synopsys.com:443/artifactory/api/npm/npm-virtual/tunnel/-/tunnel-0.0.6.tgz",
      "integrity": "sha1-cvExSzSlsZLbASMk3yzFh8pH+Sw="
    },
    "universal-user-agent": {
      "version": "6.0.0",
      "resolved": "https://artifactory.internal.synopsys.com:443/artifactory/api/npm/npm-virtual/universal-user-agent/-/universal-user-agent-6.0.0.tgz",
      "integrity": "sha1-M4H4UDslHA2c0hvB3pOeyd9UgO4="
    },
    "webidl-conversions": {
      "version": "3.0.1",
      "resolved": "https://artifactory.internal.synopsys.com:443/artifactory/api/npm/npm-virtual/webidl-conversions/-/webidl-conversions-3.0.1.tgz",
      "integrity": "sha1-JFNCdeKnvGvnvIZhHMFq4KVlSHE="
    },
    "whatwg-url": {
      "version": "5.0.0",
      "resolved": "https://artifactory.internal.synopsys.com:443/artifactory/api/npm/npm-virtual/whatwg-url/-/whatwg-url-5.0.0.tgz",
      "integrity": "sha1-lmRU6HZUYuN2RNNib2dCzotwll0=",
      "requires": {
        "tr46": "~0.0.3",
        "webidl-conversions": "^3.0.0"
      }
    },
    "wrappy": {
      "version": "1.0.2",
      "resolved": "https://artifactory.internal.synopsys.com:443/artifactory/api/npm/npm-virtual/wrappy/-/wrappy-1.0.2.tgz",
      "integrity": "sha1-tSQ9jz7BqjXxNkYFvA0QNuMKtp8="
    }
  }
}
